
Microsoft Visual Studio Solution File, Format Version 12.00
# Visual Studio Version 17
VisualStudioVersion = 17.9.34723.18
MinimumVisualStudioVersion = 10.0.40219.1
Project("{9A19103F-16F7-4668-BE54-9A1E7A4F7556}") = "TeacherService", "..\TeacherService\TeacherService\TeacherService.csproj", "{2072F889-BA39-45BF-BD5F-D704F93F5B34}"
EndProject
Project("{9A19103F-16F7-4668-BE54-9A1E7A4F7556}") = "StudentService", "..\studentService\studentService\StudentService.csproj", "{1D59B3F9-9D6D-4C1A-A55E-6C8935D37485}"
EndProject
Project("{FAE04EC0-301F-11D3-BF4B-00C04F79EFBC}") = "OcelotGateway", "ocelotGateway\OcelotGateway.csproj", "{0F2D5C2B-6A1E-40A7-B74A-8656B90BDA39}"
EndProject
Global
	GlobalSection(SolutionConfigurationPlatforms) = preSolution
		Debug|Any CPU = Debug|Any CPU
		Release|Any CPU = Release|Any CPU
	EndGlobalSection
	GlobalSection(ProjectConfigurationPlatforms) = postSolution
		{2072F889-BA39-45BF-BD5F-D704F93F5B34}.Debug|Any CPU.ActiveCfg = Debug|Any CPU
		{2072F889-BA39-45BF-BD5F-D704F93F5B34}.Debug|Any CPU.Build.0 = Debug|Any CPU
		{2072F889-BA39-45BF-BD5F-D704F93F5B34}.Release|Any CPU.ActiveCfg = Release|Any CPU
		{2072F889-BA39-45BF-BD5F-D704F93F5B34}.Release|Any CPU.Build.0 = Release|Any CPU
		{1D59B3F9-9D6D-4C1A-A55E-6C8935D37485}.Debug|Any CPU.ActiveCfg = Debug|Any CPU
		{1D59B3F9-9D6D-4C1A-A55E-6C8935D37485}.Debug|Any CPU.Build.0 = Debug|Any CPU
		{1D59B3F9-9D6D-4C1A-A55E-6C8935D37485}.Release|Any CPU.ActiveCfg = Release|Any CPU
		{1D59B3F9-9D6D-4C1A-A55E-6C8935D37485}.Release|Any CPU.Build.0 = Release|Any CPU
		{0F2D5C2B-6A1E-40A7-B74A-8656B90BDA39}.Debug|Any CPU.ActiveCfg = Debug|Any CPU
		{0F2D5C2B-6A1E-40A7-B74A-8656B90BDA39}.Debug|Any CPU.Build.0 = Debug|Any CPU
		{0F2D5C2B-6A1E-40A7-B74A-8656B90BDA39}.Release|Any CPU.ActiveCfg = Release|Any CPU
		{0F2D5C2B-6A1E-40A7-B74A-8656B90BDA39}.Release|Any CPU.Build.0 = Release|Any CPU
	EndGlobalSection
	GlobalSection(SolutionProperties) = preSolution
		HideSolutionNode = FALSE
	EndGlobalSection
	GlobalSection(ExtensibilityGlobals) = postSolution
		SolutionGuid = {D9C46479-1232-4DBA-AAF9-12937901CA69}
	EndGlobalSection
EndGlobal
