
Microsoft Visual Studio Solution File, Format Version 12.00
# Visual Studio Version 17
VisualStudioVersion = 17.9.34723.18
MinimumVisualStudioVersion = 10.0.40219.1
Project("{FAE04EC0-301F-11D3-BF4B-00C04F79EFBC}") = "TeacherService", "TeacherService\TeacherService.csproj", "{C0716BFD-DCAD-483B-A455-DC9FDA281666}"
EndProject
Global
	GlobalSection(SolutionConfigurationPlatforms) = preSolution
		Debug|Any CPU = Debug|Any CPU
		Release|Any CPU = Release|Any CPU
	EndGlobalSection
	GlobalSection(ProjectConfigurationPlatforms) = postSolution
		{C0716BFD-DCAD-483B-A455-DC9FDA281666}.Debug|Any CPU.ActiveCfg = Debug|Any CPU
		{C0716BFD-DCAD-483B-A455-DC9FDA281666}.Debug|Any CPU.Build.0 = Debug|Any CPU
		{C0716BFD-DCAD-483B-A455-DC9FDA281666}.Release|Any CPU.ActiveCfg = Release|Any CPU
		{C0716BFD-DCAD-483B-A455-DC9FDA281666}.Release|Any CPU.Build.0 = Release|Any CPU
	EndGlobalSection
	GlobalSection(SolutionProperties) = preSolution
		HideSolutionNode = FALSE
	EndGlobalSection
	GlobalSection(ExtensibilityGlobals) = postSolution
		SolutionGuid = {37CCE1BC-1121-4EA7-9C21-2BAD0D148870}
	EndGlobalSection
EndGlobal
